{
    "_readme": [
        "This file locks the dependencies of your project to a known state",
        "Read more about it at https://getcomposer.org/doc/01-basic-usage.md#installing-dependencies",
        "This file is @generated automatically"
    ],
    "content-hash": "69b7536c470949787a989a19640bf634",
    "packages": [
        {
            "name": "gocardless/gocardless-pro-php",
            "version": "4.17.0",
            "source": {
                "type": "git",
                "url": "https://github.com/gocardless/gocardless-pro-php.git",
                "reference": "59ccdcbfbbf1a18b55c749ed121137dce6d6f3ae"
            },
            "dist": {
                "type": "zip",
                "url": "https://api.github.com/repos/gocardless/gocardless-pro-php/zipball/59ccdcbfbbf1a18b55c749ed121137dce6d6f3ae",
                "reference": "59ccdcbfbbf1a18b55c749ed121137dce6d6f3ae",
                "shasum": ""
            },
            "require": {
                "ext-curl": "*",
                "ext-json": "*",
                "ext-mbstring": "*",
                "guzzlehttp/guzzle": "^6.0 | ^7.0",
                "php": ">=5.6"
            },
            "require-dev": {
                "php-coveralls/php-coveralls": "^2.2",
                "phpunit/phpunit": "^7.5",
                "squizlabs/php_codesniffer": "^3.5"
            },
            "type": "library",
            "autoload": {
                "psr-4": {
                    "GoCardlessPro\\": "lib/"
                }
            },
            "notification-url": "https://packagist.org/downloads/",
            "license": [
                "MIT"
            ],
            "authors": [
                {
                    "name": "GoCardless and contributors",
                    "homepage": "https://github.com/gocardless/gocardless-pro-php/contributors"
                }
            ],
            "description": "GoCardless Pro PHP Client Library",
            "homepage": "https://gocardless.com/",
            "keywords": [
                "api",
                "direct debit",
                "gocardless"
            ],
            "support": {
                "issues": "https://github.com/gocardless/gocardless-pro-php/issues",
                "source": "https://github.com/gocardless/gocardless-pro-php/tree/v4.17.0"
            },
            "abandoned": "gocardless/gocardless-pro",
            "time": "2022-06-29T12:55:58+00:00"
        }
    ],
    "packages-dev": [],
    "aliases": [],
    "minimum-stability": "stable",
    "stability-flags": [],
    "prefer-stable": false,
    "prefer-lowest": false,
    "platform": [],
    "platform-dev": [],
    "plugin-api-version": "2.2.0"
}
