{
    "_readme": [
        "This file locks the dependencies of your project to a known state",
        "Read more about it at https://getcomposer.org/doc/01-basic-usage.md#installing-dependencies",
        "This file is @generated automatically"
    ],
    "content-hash": "8ae42bcebd31a3048a202b7874ac46d8",
    "packages": [
        {
            "name": "composer/ca-bundle",
            "version": "1.2.9",
            "source": {
                "type": "git",
                "url": "https://github.com/composer/ca-bundle.git",
                "reference": "78a0e288fdcebf92aa2318a8d3656168da6ac1a5"
            },
            "dist": {
                "type": "zip",
                "url": "https://api.github.com/repos/composer/ca-bundle/zipball/78a0e288fdcebf92aa2318a8d3656168da6ac1a5",
                "reference": "78a0e288fdcebf92aa2318a8d3656168da6ac1a5",
                "shasum": ""
            },
            "require": {
                "ext-openssl": "*",
                "ext-pcre": "*",
                "php": "^5.3.2 || ^7.0 || ^8.0"
            },
            "require-dev": {
                "phpstan/phpstan": "^0.12.55",
                "psr/log": "^1.0",
                "symfony/phpunit-bridge": "^4.2 || ^5",
                "symfony/process": "^2.5 || ^3.0 || ^4.0 || ^5.0"
            },
            "type": "library",
            "extra": {
                "branch-alias": {
                    "dev-main": "1.x-dev"
                }
            },
            "autoload": {
                "psr-4": {
                    "Composer\\CaBundle\\": "src"
                }
            },
            "notification-url": "https://packagist.org/downloads/",
            "license": [
                "MIT"
            ],
            "authors": [
                {
                    "name": "Jordi Boggiano",
                    "email": "j.boggiano@seld.be",
                    "homepage": "http://seld.be"
                }
            ],
            "description": "Lets you find a path to the system CA bundle, and includes a fallback to the Mozilla CA bundle.",
            "keywords": [
                "cabundle",
                "cacert",
                "certificate",
                "ssl",
                "tls"
            ],
            "funding": [
                {
                    "url": "https://packagist.com",
                    "type": "custom"
                },
                {
                    "url": "https://github.com/composer",
                    "type": "github"
                },
                {
                    "url": "https://tidelift.com/funding/github/packagist/composer/composer",
                    "type": "tidelift"
                }
            ],
            "time": "2021-01-12T12:10:35+00:00"
        },
        {
            "name": "sonata-project/google-authenticator",
            "version": "2.3.1",
            "source": {
                "type": "git",
                "url": "https://github.com/sonata-project/GoogleAuthenticator.git",
                "reference": "71a4189228f93a9662574dc8c65e77ef55061b59"
            },
            "dist": {
                "type": "zip",
                "url": "https://api.github.com/repos/sonata-project/GoogleAuthenticator/zipball/71a4189228f93a9662574dc8c65e77ef55061b59",
                "reference": "71a4189228f93a9662574dc8c65e77ef55061b59",
                "shasum": ""
            },
            "require": {
                "php": "^7.3 || ^8.0"
            },
            "require-dev": {
                "symfony/phpunit-bridge": "^5.1.8"
            },
            "type": "library",
            "extra": {
                "branch-alias": {
                    "dev-master": "2.x-dev"
                }
            },
            "autoload": {
                "psr-4": {
                    "Google\\Authenticator\\": "src/",
                    "Sonata\\GoogleAuthenticator\\": "src/"
                }
            },
            "notification-url": "https://packagist.org/downloads/",
            "license": [
                "MIT"
            ],
            "authors": [
                {
                    "name": "Thomas Rabaix",
                    "email": "thomas.rabaix@gmail.com"
                },
                {
                    "name": "Christian Stocker",
                    "email": "me@chregu.tv"
                },
                {
                    "name": "Andre DeMarre",
                    "homepage": "http://www.devnetwork.net/viewtopic.php?f=50&t=94989"
                }
            ],
            "description": "Library to integrate Google Authenticator into a PHP project",
            "homepage": "https://github.com/sonata-project/GoogleAuthenticator",
            "keywords": [
                "google authenticator"
            ],
            "funding": [
                {
                    "url": "https://github.com/OskarStark",
                    "type": "github"
                },
                {
                    "url": "https://github.com/VincentLanglet",
                    "type": "github"
                },
                {
                    "url": "https://github.com/core23",
                    "type": "github"
                },
                {
                    "url": "https://github.com/wbloszyk",
                    "type": "github"
                }
            ],
            "time": "2021-02-15T19:23:18+00:00"
        },
        {
            "name": "ua-parser/uap-php",
            "version": "v3.9.7",
            "source": {
                "type": "git",
                "url": "https://github.com/ua-parser/uap-php.git",
                "reference": "7efc2f05b7d9817a59132e5d2e5ca91a1c071f6a"
            },
            "dist": {
                "type": "zip",
                "url": "https://api.github.com/repos/ua-parser/uap-php/zipball/7efc2f05b7d9817a59132e5d2e5ca91a1c071f6a",
                "reference": "7efc2f05b7d9817a59132e5d2e5ca91a1c071f6a",
                "shasum": ""
            },
            "require": {
                "composer/ca-bundle": "^1.1",
                "php": ">=5.3.0"
            },
            "require-dev": {
                "phpunit/phpunit": "<8",
                "symfony/console": "^2.0 || ^3.0 || ^4.0",
                "symfony/filesystem": "^2.0 || ^3.0 || ^4.0",
                "symfony/finder": "^2.0 || ^3.0 || ^4.0",
                "symfony/yaml": "^2.0 || ^3.0 || ^4.0"
            },
            "suggest": {
                "symfony/console": "Required for CLI usage - ^2.0 || ^3.0 || ^4.0",
                "symfony/filesystem": "Required for CLI usage - 2.0 || ^3.0 || ^4.0",
                "symfony/finder": "Required for CLI usage - ^2.0 || ^3.0 || ^4.0",
                "symfony/yaml": "Required for CLI usage - ^4.0 || ^5.0"
            },
            "bin": [
                "bin/uaparser"
            ],
            "type": "library",
            "autoload": {
                "psr-4": {
                    "UAParser\\": "src"
                }
            },
            "notification-url": "https://packagist.org/downloads/",
            "license": [
                "MIT"
            ],
            "authors": [
                {
                    "name": "Dave Olsen",
                    "email": "dmolsen@gmail.com"
                },
                {
                    "name": "Lars Strojny",
                    "email": "lars@strojny.net"
                }
            ],
            "description": "A multi-language port of Browserscope's user agent parser.",
            "time": "2020-02-21T09:54:14+00:00"
        }
    ],
    "packages-dev": [],
    "aliases": [],
    "minimum-stability": "stable",
    "stability-flags": [],
    "prefer-stable": false,
    "prefer-lowest": false,
    "platform": [],
    "platform-dev": [],
    "plugin-api-version": "1.1.0"
}
